Microsoft Visual Studio Solution File, Format Version 12.00
# Visual Studio Version 17
VisualStudioVersion = 17.5.2.0
MinimumVisualStudioVersion = 10.0.40219.1
Project("{FAE04EC0-301F-11D3-BF4B-00C04F79EFBC}") = "20250512 - The Series Analyzer", "20250512 - The Series Analyzer.csproj", "{AEA0AA38-C9EF-D94C-36BF-8BE21D2C7D7A}"
EndProject
Global
	GlobalSection(SolutionConfigurationPlatforms) = preSolution
		Debug|Any CPU = Debug|Any CPU
		Release|Any CPU = Release|Any CPU
	EndGlobalSection
	GlobalSection(ProjectConfigurationPlatforms) = postSolution
		{AEA0AA38-C9EF-D94C-36BF-8BE21D2C7D7A}.Debug|Any CPU.ActiveCfg = Debug|Any CPU
		{AEA0AA38-C9EF-D94C-36BF-8BE21D2C7D7A}.Debug|Any CPU.Build.0 = Debug|Any CPU
		{AEA0AA38-C9EF-D94C-36BF-8BE21D2C7D7A}.Release|Any CPU.ActiveCfg = Release|Any CPU
		{AEA0AA38-C9EF-D94C-36BF-8BE21D2C7D7A}.Release|Any CPU.Build.0 = Release|Any CPU
	EndGlobalSection
	GlobalSection(SolutionProperties) = preSolution
		HideSolutionNode = FALSE
	EndGlobalSection
	GlobalSection(ExtensibilityGlobals) = postSolution
		SolutionGuid = {091DDB30-DAAB-4ECA-8617-012DB3541C71}
	EndGlobalSection
EndGlobal
